// !$*UTF8*$!
{
	archiveVersion = 1;
	classes = {
	};
	objectVersion = 48;
	objects = {

/* Begin PBXBuildFile section */
		DD318315205C1E8100CE4AA7 /* MainAssembler.swift in Sources */ = {isa = PBXBuildFile; fileRef = DD318314205C1E8100CE4AA7 /* MainAssembler.swift */; };
		DD318323205C268900CE4AA7 /* UIBorderedButton.swift in Sources */ = {isa = PBXBuildFile; fileRef = DD318322205C268900CE4AA7 /* UIBorderedButton.swift */; };
		DD318326205CCBE800CE4AA7 /* SPDLocationManagerMock.swift in Sources */ = {isa = PBXBuildFile; fileRef = DD318325205CCBE800CE4AA7 /* SPDLocationManagerMock.swift */; };
		DD318328205CCD1A00CE4AA7 /* SPDLocationAuthorizationMock.swift in Sources */ = {isa = PBXBuildFile; fileRef = DD318327205CCD1A00CE4AA7 /* SPDLocationAuthorizationMock.swift */; };
		DD31832A205CCD7D00CE4AA7 /* SPDLocationAuthorizationDelegateMock.swift in Sources */ = {isa = PBXBuildFile; fileRef = DD318329205CCD7D00CE4AA7 /* SPDLocationAuthorizationDelegateMock.swift */; };
		DD31832C205CCDB500CE4AA7 /* SPDLocationProviderMock.swift in Sources */ = {isa = PBXBuildFile; fileRef = DD31832B205CCDB500CE4AA7 /* SPDLocationProviderMock.swift */; };
		DD31832E205CCEFE00CE4AA7 /* SPDLocationConsumerMock.swift in Sources */ = {isa = PBXBuildFile; fileRef = DD31832D205CCEFE00CE4AA7 /* SPDLocationConsumerMock.swift */; };
		DD318330205CCF5000CE4AA7 /* SPDLocationSpeedCheckerDelegateMock.swift in Sources */ = {isa = PBXBuildFile; fileRef = DD31832F205CCF5000CE4AA7 /* SPDLocationSpeedCheckerDelegateMock.swift */; };
		DD318332205CCFAD00CE4AA7 /* SPDLocationSpeedProviderDelegateMock.swift in Sources */ = {isa = PBXBuildFile; fileRef = DD318331205CCFAD00CE4AA7 /* SPDLocationSpeedProviderDelegateMock.swift */; };
		DD318335205CD02600CE4AA7 /* SPDLocationAuthorizationTests.swift in Sources */ = {isa = PBXBuildFile; fileRef = DD318334205CD02600CE4AA7 /* SPDLocationAuthorizationTests.swift */; };
		DD318337205CF39400CE4AA7 /* SPDLocationProviderTests.swift in Sources */ = {isa = PBXBuildFile; fileRef = DD318336205CF39400CE4AA7 /* SPDLocationProviderTests.swift */; };
		DD318339205CFA8000CE4AA7 /* SPDLocationSpeedProviderTests.swift in Sources */ = {isa = PBXBuildFile; fileRef = DD318338205CFA8000CE4AA7 /* SPDLocationSpeedProviderTests.swift */; };
		DDAB9D0F205984B1009367F5 /* AppDelegate.swift in Sources */ = {isa = PBXBuildFile; fileRef = DDAB9D0E205984B1009367F5 /* AppDelegate.swift */; };
		DDAB9D11205984B1009367F5 /* ViewController.swift in Sources */ = {isa = PBXBuildFile; fileRef = DDAB9D10205984B1009367F5 /* ViewController.swift */; };
		DDAB9D14205984B1009367F5 /* Main.storyboard in Resources */ = {isa = PBXBuildFile; fileRef = DDAB9D12205984B1009367F5 /* Main.storyboard */; };
		DDAB9D16205984B1009367F5 /* Assets.xcassets in Resources */ = {isa = PBXBuildFile; fileRef = DDAB9D15205984B1009367F5 /* Assets.xcassets */; };
		DDAB9D19205984B1009367F5 /* LaunchScreen.storyboard in Resources */ = {isa = PBXBuildFile; fileRef = DDAB9D17205984B1009367F5 /* LaunchScreen.storyboard */; };
		DDAB9D24205984B1009367F5 /* SpeedometerTests.swift in Sources */ = {isa = PBXBuildFile; fileRef = DDAB9D23205984B1009367F5 /* SpeedometerTests.swift */; };
		DDAB9D2F205984B2009367F5 /* SpeedometerUITests.swift in Sources */ = {isa = PBXBuildFile; fileRef = DDAB9D2E205984B2009367F5 /* SpeedometerUITests.swift */; };
		DDAB9DB220598881009367F5 /* SwinjectStoryboard.framework in Frameworks */ = {isa = PBXBuildFile; fileRef = DDAB9DA72059883E009367F5 /* SwinjectStoryboard.framework */; };
		DDAB9DB320598881009367F5 /* SwinjectStoryboard.framework in Embed Frameworks */ = {isa = PBXBuildFile; fileRef = DDAB9DA72059883E009367F5 /* SwinjectStoryboard.framework */; settings = {ATTRIBUTES = (CodeSignOnCopy, RemoveHeadersOnCopy, ); }; };
		DDAB9DCF20598896009367F5 /* Swinject.framework in Frameworks */ = {isa = PBXBuildFile; fileRef = DDAB9DC22059888A009367F5 /* Swinject.framework */; };
		DDAB9DD020598896009367F5 /* Swinject.framework in Embed Frameworks */ = {isa = PBXBuildFile; fileRef = DDAB9DC22059888A009367F5 /* Swinject.framework */; settings = {ATTRIBUTES = (CodeSignOnCopy, RemoveHeadersOnCopy, ); }; };
		DDDDE882205AB2C4001F6EDF /* SPDLocationManager.swift in Sources */ = {isa = PBXBuildFile; fileRef = DDDDE881205AB2C4001F6EDF /* SPDLocationManager.swift */; };
		DDDDE884205ABC66001F6EDF /* SPDLocationAuthorization.swift in Sources */ = {isa = PBXBuildFile; fileRef = DDDDE883205ABC66001F6EDF /* SPDLocationAuthorization.swift */; };
		DDDDE886205AC0FD001F6EDF /* SPDLocationProvider.swift in Sources */ = {isa = PBXBuildFile; fileRef = DDDDE885205AC0FD001F6EDF /* SPDLocationProvider.swift */; };
		DDDDE888205AC782001F6EDF /* SPDLocationSpeedProvider.swift in Sources */ = {isa = PBXBuildFile; fileRef = DDDDE887205AC782001F6EDF /* SPDLocationSpeedProvider.swift */; };
		DDDDE88A205AC954001F6EDF /* SPDLocationSpeedChecker.swift in Sources */ = {isa = PBXBuildFile; fileRef = DDDDE889205AC954001F6EDF /* SPDLocationSpeedChecker.swift */; };
/* End PBXBuildFile section */

/* Begin PBXContainerItemProxy section */
		DDAB9D20205984B1009367F5 /* PBXContainerItemProxy */ = {
			isa = PBXContainerItemProxy;
			containerPortal = DDAB9D03205984B1009367F5 /* Project object */;
			proxyType = 1;
			remoteGlobalIDString = DDAB9D0A205984B1009367F5;
			remoteInfo = Speedometer;
		};
		DDAB9D2B205984B2009367F5 /* PBXContainerItemProxy */ = {
			isa = PBXContainerItemProxy;
			containerPortal = DDAB9D03205984B1009367F5 /* Project object */;
			proxyType = 1;
			remoteGlobalIDString = DDAB9D0A205984B1009367F5;
			remoteInfo = Speedometer;
		};
		DDAB9DA62059883E009367F5 /* PBXContainerItemProxy */ = {
			isa = PBXContainerItemProxy;
			containerPortal = DDAB9D9D2059883E009367F5 /* SwinjectStoryboard.xcodeproj */;
			proxyType = 2;
			remoteGlobalIDString = 985904061CDB0AA700275E4A;
			remoteInfo = "SwinjectStoryboard-iOS";
		};
		DDAB9DA82059883E009367F5 /* PBXContainerItemProxy */ = {
			isa = PBXContainerItemProxy;
			containerPortal = DDAB9D9D2059883E009367F5 /* SwinjectStoryboard.xcodeproj */;
			proxyType = 2;
			remoteGlobalIDString = 985904101CDB0AA700275E4A;
			remoteInfo = "SwinjectStoryboard-iOSTests";
		};
		DDAB9DAA2059883E009367F5 /* PBXContainerItemProxy */ = {
			isa = PBXContainerItemProxy;
			containerPortal = DDAB9D9D2059883E009367F5 /* SwinjectStoryboard.xcodeproj */;
			proxyType = 2;
			remoteGlobalIDString = 98D562781CDB173500DECDC0;
			remoteInfo = "SwinjectStoryboard-OSX";
		};
		DDAB9DAC2059883E009367F5 /* PBXContainerItemProxy */ = {
			isa = PBXContainerItemProxy;
			containerPortal = DDAB9D9D2059883E009367F5 /* SwinjectStoryboard.xcodeproj */;
			proxyType = 2;
			remoteGlobalIDString = 98D562811CDB173500DECDC0;
			remoteInfo = "SwinjectStoryboard-OSXTests";
		};
		DDAB9DAE2059883E009367F5 /* PBXContainerItemProxy */ = {
			isa = PBXContainerItemProxy;
			containerPortal = DDAB9D9D2059883E009367F5 /* SwinjectStoryboard.xcodeproj */;
			proxyType = 2;
			remoteGlobalIDString = 98D562941CDB19AB00DECDC0;
			remoteInfo = "SwinjectStoryboard-tvOS";
		};
		DDAB9DB02059883E009367F5 /* PBXContainerItemProxy */ = {
			isa = PBXContainerItemProxy;
			containerPortal = DDAB9D9D2059883E009367F5 /* SwinjectStoryboard.xcodeproj */;
			proxyType = 2;
			remoteGlobalIDString = 98D5629D1CDB19AB00DECDC0;
			remoteInfo = "SwinjectStoryboard-tvOSTests";
		};
		DDAB9DB420598881009367F5 /* PBXContainerItemProxy */ = {
			isa = PBXContainerItemProxy;
			containerPortal = DDAB9D9D2059883E009367F5 /* SwinjectStoryboard.xcodeproj */;
			proxyType = 1;
			remoteGlobalIDString = 985904051CDB0AA700275E4A;
			remoteInfo = "SwinjectStoryboard-iOS";
		};
		DDAB9DC12059888A009367F5 /* PBXContainerItemProxy */ = {
			isa = PBXContainerItemProxy;
			containerPortal = DDAB9DB72059888A009367F5 /* Swinject.xcodeproj */;
			proxyType = 2;
			remoteGlobalIDString = 981ABE811B5FC9DF00294975;
			remoteInfo = "Swinject-iOS";
		};
		DDAB9DC32059888A009367F5 /* PBXContainerItemProxy */ = {
			isa = PBXContainerItemProxy;
			containerPortal = DDAB9DB72059888A009367F5 /* Swinject.xcodeproj */;
			proxyType = 2;
			remoteGlobalIDString = 981ABE8B1B5FC9DF00294975;
			remoteInfo = "Swinject-iOSTests";
		};
		DDAB9DC52059888A009367F5 /* PBXContainerItemProxy */ = {
			isa = PBXContainerItemProxy;
			containerPortal = DDAB9DB72059888A009367F5 /* Swinject.xcodeproj */;
			proxyType = 2;
			remoteGlobalIDString = 981899BC1B5FE63F00C702D0;
			remoteInfo = "Swinject-OSX";
		};
		DDAB9DC72059888A009367F5 /* PBXContainerItemProxy */ = {
			isa = PBXContainerItemProxy;
			containerPortal = DDAB9DB72059888A009367F5 /* Swinject.xcodeproj */;
			proxyType = 2;
			remoteGlobalIDString = 981899C51B5FE63F00C702D0;
			remoteInfo = "Swinject-OSXTests";
		};
		DDAB9DC92059888A009367F5 /* PBXContainerItemProxy */ = {
			isa = PBXContainerItemProxy;
			containerPortal = DDAB9DB72059888A009367F5 /* Swinject.xcodeproj */;
			proxyType = 2;
			remoteGlobalIDString = 985010C61BBE76D400A2CCFC;
			remoteInfo = "Swinject-watchOS";
		};
		DDAB9DCB2059888A009367F5 /* PBXContainerItemProxy */ = {
			isa = PBXContainerItemProxy;
			containerPortal = DDAB9DB72059888A009367F5 /* Swinject.xcodeproj */;
			proxyType = 2;
			remoteGlobalIDString = 98689C7F1BBFC7A50005C6D3;
			remoteInfo = "Swinject-tvOS";
		};
		DDAB9DCD2059888A009367F5 /* PBXContainerItemProxy */ = {
			isa = PBXContainerItemProxy;
			containerPortal = DDAB9DB72059888A009367F5 /* Swinject.xcodeproj */;
			proxyType = 2;
			remoteGlobalIDString = 98689C881BBFC7A60005C6D3;
			remoteInfo = "Swinject-tvOSTests";
		};
		DDAB9DD120598896009367F5 /* PBXContainerItemProxy */ = {
			isa = PBXContainerItemProxy;
			containerPortal = DDAB9DB72059888A009367F5 /* Swinject.xcodeproj */;
			proxyType = 1;
			remoteGlobalIDString = 981ABE801B5FC9DF00294975;
			remoteInfo = "Swinject-iOS";
		};
/* End PBXContainerItemProxy section */

/* Begin PBXCopyFilesBuildPhase section */
		DDAB9DB620598881009367F5 /* Embed Frameworks */ = {
			isa = PBXCopyFilesBuildPhase;
			buildActionMask = 2147483647;
			dstPath = "";
			dstSubfolderSpec = 10;
			files = (
				DDAB9DB320598881009367F5 /* SwinjectStoryboard.framework in Embed Frameworks */,
				DDAB9DD020598896009367F5 /* Swinject.framework in Embed Frameworks */,
			);
			name = "Embed Frameworks";
			runOnlyForDeploymentPostprocessing = 0;
		};
/* End PBXCopyFilesBuildPhase section */

/* Begin PBXFileReference section */
		DD318314205C1E8100CE4AA7 /* MainAssembler.swift */ = {isa = PBXFileReference; lastKnownFileType = sourcecode.swift; path = MainAssembler.swift; sourceTree = "<group>"; };
		DD318322205C268900CE4AA7 /* UIBorderedButton.swift */ = {isa = PBXFileReference; lastKnownFileType = sourcecode.swift; path = UIBorderedButton.swift; sourceTree = "<group>"; };
		DD318325205CCBE800CE4AA7 /* SPDLocationManagerMock.swift */ = {isa = PBXFileReference; lastKnownFileType = sourcecode.swift; path = SPDLocationManagerMock.swift; sourceTree = "<group>"; };
		DD318327205CCD1A00CE4AA7 /* SPDLocationAuthorizationMock.swift */ = {isa = PBXFileReference; lastKnownFileType = sourcecode.swift; path = SPDLocationAuthorizationMock.swift; sourceTree = "<group>"; };
		DD318329205CCD7D00CE4AA7 /* SPDLocationAuthorizationDelegateMock.swift */ = {isa = PBXFileReference; lastKnownFileType = sourcecode.swift; path = SPDLocationAuthorizationDelegateMock.swift; sourceTree = "<group>"; };
		DD31832B205CCDB500CE4AA7 /* SPDLocationProviderMock.swift */ = {isa = PBXFileReference; lastKnownFileType = sourcecode.swift; path = SPDLocationProviderMock.swift; sourceTree = "<group>"; };
		DD31832D205CCEFE00CE4AA7 /* SPDLocationConsumerMock.swift */ = {isa = PBXFileReference; lastKnownFileType = sourcecode.swift; path = SPDLocationConsumerMock.swift; sourceTree = "<group>"; };
		DD31832F205CCF5000CE4AA7 /* SPDLocationSpeedCheckerDelegateMock.swift */ = {isa = PBXFileReference; lastKnownFileType = sourcecode.swift; path = SPDLocationSpeedCheckerDelegateMock.swift; sourceTree = "<group>"; };
		DD318331205CCFAD00CE4AA7 /* SPDLocationSpeedProviderDelegateMock.swift */ = {isa = PBXFileReference; lastKnownFileType = sourcecode.swift; path = SPDLocationSpeedProviderDelegateMock.swift; sourceTree = "<group>"; };
		DD318334205CD02600CE4AA7 /* SPDLocationAuthorizationTests.swift */ = {isa = PBXFileReference; lastKnownFileType = sourcecode.swift; path = SPDLocationAuthorizationTests.swift; sourceTree = "<group>"; };
		DD318336205CF39400CE4AA7 /* SPDLocationProviderTests.swift */ = {isa = PBXFileReference; lastKnownFileType = sourcecode.swift; path = SPDLocationProviderTests.swift; sourceTree = "<group>"; };
		DD318338205CFA8000CE4AA7 /* SPDLocationSpeedProviderTests.swift */ = {isa = PBXFileReference; lastKnownFileType = sourcecode.swift; path = SPDLocationSpeedProviderTests.swift; sourceTree = "<group>"; };
		DDAB9D0B205984B1009367F5 /* Speedometer.app */ = {isa = PBXFileReference; explicitFileType = wrapper.application; includeInIndex = 0; path = Speedometer.app; sourceTree = BUILT_PRODUCTS_DIR; };
		DDAB9D0E205984B1009367F5 /* AppDelegate.swift */ = {isa = PBXFileReference; lastKnownFileType = sourcecode.swift; path = AppDelegate.swift; sourceTree = "<group>"; };
		DDAB9D10205984B1009367F5 /* ViewController.swift */ = {isa = PBXFileReference; lastKnownFileType = sourcecode.swift; path = ViewController.swift; sourceTree = "<group>"; };
		DDAB9D13205984B1009367F5 /* Base */ = {isa = PBXFileReference; lastKnownFileType = file.storyboard; name = Base; path = Base.lproj/Main.storyboard; sourceTree = "<group>"; };
		DDAB9D15205984B1009367F5 /* Assets.xcassets */ = {isa = PBXFileReference; lastKnownFileType = folder.assetcatalog; path = Assets.xcassets; sourceTree = "<group>"; };
		DDAB9D18205984B1009367F5 /* Base */ = {isa = PBXFileReference; lastKnownFileType = file.storyboard; name = Base; path = Base.lproj/LaunchScreen.storyboard; sourceTree = "<group>"; };
		DDAB9D1A205984B1009367F5 /* Info.plist */ = {isa = PBXFileReference; lastKnownFileType = text.plist.xml; path = Info.plist; sourceTree = "<group>"; };
		DDAB9D1F205984B1009367F5 /* SpeedometerTests.xctest */ = {isa = PBXFileReference; explicitFileType = wrapper.cfbundle; includeInIndex = 0; path = SpeedometerTests.xctest; sourceTree = BUILT_PRODUCTS_DIR; };
		DDAB9D23205984B1009367F5 /* SpeedometerTests.swift */ = {isa = PBXFileReference; lastKnownFileType = sourcecode.swift; path = SpeedometerTests.swift; sourceTree = "<group>"; };
		DDAB9D25205984B2009367F5 /* Info.plist */ = {isa = PBXFileReference; lastKnownFileType = text.plist.xml; path = Info.plist; sourceTree = "<group>"; };
		DDAB9D2A205984B2009367F5 /* SpeedometerUITests.xctest */ = {isa = PBXFileReference; explicitFileType = wrapper.cfbundle; includeInIndex = 0; path = SpeedometerUITests.xctest; sourceTree = BUILT_PRODUCTS_DIR; };
		DDAB9D2E205984B2009367F5 /* SpeedometerUITests.swift */ = {isa = PBXFileReference; lastKnownFileType = sourcecode.swift; path = SpeedometerUITests.swift; sourceTree = "<group>"; };
		DDAB9D30205984B2009367F5 /* Info.plist */ = {isa = PBXFileReference; lastKnownFileType = text.plist.xml; path = Info.plist; sourceTree = "<group>"; };
		DDAB9D9D2059883E009367F5 /* SwinjectStoryboard.xcodeproj */ = {isa = PBXFileReference; lastKnownFileType = "wrapper.pb-project"; name = SwinjectStoryboard.xcodeproj; path = Carthage/Checkouts/SwinjectStoryboard/SwinjectStoryboard.xcodeproj; sourceTree = "<group>"; };
		DDAB9DB72059888A009367F5 /* Swinject.xcodeproj */ = {isa = PBXFileReference; lastKnownFileType = "wrapper.pb-project"; name = Swinject.xcodeproj; path = Carthage/Checkouts/Swinject/Swinject.xcodeproj; sourceTree = "<group>"; };
		DDDDE881205AB2C4001F6EDF /* SPDLocationManager.swift */ = {isa = PBXFileReference; lastKnownFileType = sourcecode.swift; path = SPDLocationManager.swift; sourceTree = "<group>"; };
		DDDDE883205ABC66001F6EDF /* SPDLocationAuthorization.swift */ = {isa = PBXFileReference; lastKnownFileType = sourcecode.swift; path = SPDLocationAuthorization.swift; sourceTree = "<group>"; };
		DDDDE885205AC0FD001F6EDF /* SPDLocationProvider.swift */ = {isa = PBXFileReference; lastKnownFileType = sourcecode.swift; path = SPDLocationProvider.swift; sourceTree = "<group>"; };
		DDDDE887205AC782001F6EDF /* SPDLocationSpeedProvider.swift */ = {isa = PBXFileReference; lastKnownFileType = sourcecode.swift; path = SPDLocationSpeedProvider.swift; sourceTree = "<group>"; };
		DDDDE889205AC954001F6EDF /* SPDLocationSpeedChecker.swift */ = {isa = PBXFileReference; lastKnownFileType = sourcecode.swift; path = SPDLocationSpeedChecker.swift; sourceTree = "<group>"; };
/* End PBXFileReference section */

/* Begin PBXFrameworksBuildPhase section */
		DDAB9D08205984B1009367F5 /* Frameworks */ = {
			isa = PBXFrameworksBuildPhase;
			buildActionMask = 2147483647;
			files = (
				DDAB9DB220598881009367F5 /* SwinjectStoryboard.framework in Frameworks */,
				DDAB9DCF20598896009367F5 /* Swinject.framework in Frameworks */,
			);
			runOnlyForDeploymentPostprocessing = 0;
		};
		DDAB9D1C205984B1009367F5 /* Frameworks */ = {
			isa = PBXFrameworksBuildPhase;
			buildActionMask = 2147483647;
			files = (
			);
			runOnlyForDeploymentPostprocessing = 0;
		};
		DDAB9D27205984B2009367F5 /* Frameworks */ = {
			isa = PBXFrameworksBuildPhase;
			buildActionMask = 2147483647;
			files = (
			);
			runOnlyForDeploymentPostprocessing = 0;
		};
/* End PBXFrameworksBuildPhase section */

/* Begin PBXGroup section */
		DD318321205C265D00CE4AA7 /* UIViews */ = {
			isa = PBXGroup;
			children = (
				DD318322205C268900CE4AA7 /* UIBorderedButton.swift */,
			);
			path = UIViews;
			sourceTree = "<group>";
		};
		DD318324205CCBCA00CE4AA7 /* Mocks */ = {
			isa = PBXGroup;
			children = (
				DD318325205CCBE800CE4AA7 /* SPDLocationManagerMock.swift */,
				DD318327205CCD1A00CE4AA7 /* SPDLocationAuthorizationMock.swift */,
				DD318329205CCD7D00CE4AA7 /* SPDLocationAuthorizationDelegateMock.swift */,
				DD31832B205CCDB500CE4AA7 /* SPDLocationProviderMock.swift */,
				DD31832D205CCEFE00CE4AA7 /* SPDLocationConsumerMock.swift */,
				DD31832F205CCF5000CE4AA7 /* SPDLocationSpeedCheckerDelegateMock.swift */,
				DD318331205CCFAD00CE4AA7 /* SPDLocationSpeedProviderDelegateMock.swift */,
			);
			path = Mocks;
			sourceTree = "<group>";
		};
		DD318333205CCFFB00CE4AA7 /* Location */ = {
			isa = PBXGroup;
			children = (
				DD318334205CD02600CE4AA7 /* SPDLocationAuthorizationTests.swift */,
				DD318336205CF39400CE4AA7 /* SPDLocationProviderTests.swift */,
				DD318338205CFA8000CE4AA7 /* SPDLocationSpeedProviderTests.swift */,
			);
			path = Location;
			sourceTree = "<group>";
		};
		DDAB9D02205984B1009367F5 = {
			isa = PBXGroup;
			children = (
				DDAB9D0D205984B1009367F5 /* Speedometer */,
				DDAB9D22205984B1009367F5 /* SpeedometerTests */,
				DDAB9D2D205984B2009367F5 /* SpeedometerUITests */,
				DDAB9D0C205984B1009367F5 /* Products */,
				DDAB9DB72059888A009367F5 /* Swinject.xcodeproj */,
				DDAB9D9D2059883E009367F5 /* SwinjectStoryboard.xcodeproj */,
			);
			sourceTree = "<group>";
		};
		DDAB9D0C205984B1009367F5 /* Products */ = {
			isa = PBXGroup;
			children = (
				DDAB9D0B205984B1009367F5 /* Speedometer.app */,
				DDAB9D1F205984B1009367F5 /* SpeedometerTests.xctest */,
				DDAB9D2A205984B2009367F5 /* SpeedometerUITests.xctest */,
			);
			name = Products;
			sourceTree = "<group>";
		};
		DDAB9D0D205984B1009367F5 /* Speedometer */ = {
			isa = PBXGroup;
			children = (
				DD318321205C265D00CE4AA7 /* UIViews */,
				DDDDE875205AB29E001F6EDF /* Location */,
				DDAB9D0E205984B1009367F5 /* AppDelegate.swift */,
				DDAB9D10205984B1009367F5 /* ViewController.swift */,
				DDAB9D12205984B1009367F5 /* Main.storyboard */,
				DDAB9D15205984B1009367F5 /* Assets.xcassets */,
				DDAB9D17205984B1009367F5 /* LaunchScreen.storyboard */,
				DDAB9D1A205984B1009367F5 /* Info.plist */,
				DD318314205C1E8100CE4AA7 /* MainAssembler.swift */,
			);
			path = Speedometer;
			sourceTree = "<group>";
		};
		DDAB9D22205984B1009367F5 /* SpeedometerTests */ = {
			isa = PBXGroup;
			children = (
				DD318333205CCFFB00CE4AA7 /* Location */,
				DD318324205CCBCA00CE4AA7 /* Mocks */,
				DDAB9D23205984B1009367F5 /* SpeedometerTests.swift */,
				DDAB9D25205984B2009367F5 /* Info.plist */,
			);
			path = SpeedometerTests;
			sourceTree = "<group>";
		};
		DDAB9D2D205984B2009367F5 /* SpeedometerUITests */ = {
			isa = PBXGroup;
			children = (
				DDAB9D2E205984B2009367F5 /* SpeedometerUITests.swift */,
				DDAB9D30205984B2009367F5 /* Info.plist */,
			);
			path = SpeedometerUITests;
			sourceTree = "<group>";
		};
		DDAB9D9E2059883E009367F5 /* Products */ = {
			isa = PBXGroup;
			children = (
				DDAB9DA72059883E009367F5 /* SwinjectStoryboard.framework */,
				DDAB9DA92059883E009367F5 /* SwinjectStoryboardTests.xctest */,
				DDAB9DAB2059883E009367F5 /* SwinjectStoryboard.framework */,
				DDAB9DAD2059883E009367F5 /* SwinjectStoryboardTests.xctest */,
				DDAB9DAF2059883E009367F5 /* SwinjectStoryboard.framework */,
				DDAB9DB12059883E009367F5 /* SwinjectStoryboardTests.xctest */,
			);
			name = Products;
			sourceTree = "<group>";
		};
		DDAB9DB82059888A009367F5 /* Products */ = {
			isa = PBXGroup;
			children = (
				DDAB9DC22059888A009367F5 /* Swinject.framework */,
				DDAB9DC42059888A009367F5 /* SwinjectTests.xctest */,
				DDAB9DC62059888A009367F5 /* Swinject.framework */,
				DDAB9DC82059888A009367F5 /* SwinjectTests.xctest */,
				DDAB9DCA2059888A009367F5 /* Swinject.framework */,
				DDAB9DCC2059888A009367F5 /* Swinject.framework */,
				DDAB9DCE2059888A009367F5 /* SwinjectTests.xctest */,
			);
			name = Products;
			sourceTree = "<group>";
		};
		DDDDE875205AB29E001F6EDF /* Location */ = {
			isa = PBXGroup;
			children = (
				DDDDE881205AB2C4001F6EDF /* SPDLocationManager.swift */,
				DDDDE883205ABC66001F6EDF /* SPDLocationAuthorization.swift */,
				DDDDE885205AC0FD001F6EDF /* SPDLocationProvider.swift */,
				DDDDE887205AC782001F6EDF /* SPDLocationSpeedProvider.swift */,
				DDDDE889205AC954001F6EDF /* SPDLocationSpeedChecker.swift */,
			);
			path = Location;
			sourceTree = "<group>";
		};
/* End PBXGroup section */

/* Begin PBXNativeTarget section */
		DDAB9D0A205984B1009367F5 /* Speedometer */ = {
			isa = PBXNativeTarget;
			buildConfigurationList = DDAB9D33205984B2009367F5 /* Build configuration list for PBXNativeTarget "Speedometer" */;
			buildPhases = (
				DDAB9D07205984B1009367F5 /* Sources */,
				DDAB9D08205984B1009367F5 /* Frameworks */,
				DDAB9D09205984B1009367F5 /* Resources */,
				DDAB9DB620598881009367F5 /* Embed Frameworks */,
			);
			buildRules = (
			);
			dependencies = (
				DDAB9DB520598881009367F5 /* PBXTargetDependency */,
				DDAB9DD220598896009367F5 /* PBXTargetDependency */,
			);
			name = Speedometer;
			productName = Speedometer;
			productReference = DDAB9D0B205984B1009367F5 /* Speedometer.app */;
			productType = "com.apple.product-type.application";
		};
		DDAB9D1E205984B1009367F5 /* SpeedometerTests */ = {
			isa = PBXNativeTarget;
			buildConfigurationList = DDAB9D36205984B2009367F5 /* Build configuration list for PBXNativeTarget "SpeedometerTests" */;
			buildPhases = (
				DDAB9D1B205984B1009367F5 /* Sources */,
				DDAB9D1C205984B1009367F5 /* Frameworks */,
				DDAB9D1D205984B1009367F5 /* Resources */,
			);
			buildRules = (
			);
			dependencies = (
				DDAB9D21205984B1009367F5 /* PBXTargetDependency */,
			);
			name = SpeedometerTests;
			productName = SpeedometerTests;
			productReference = DDAB9D1F205984B1009367F5 /* SpeedometerTests.xctest */;
			productType = "com.apple.product-type.bundle.unit-test";
		};
		DDAB9D29205984B2009367F5 /* SpeedometerUITests */ = {
			isa = PBXNativeTarget;
			buildConfigurationList = DDAB9D39205984B2009367F5 /* Build configuration list for PBXNativeTarget "SpeedometerUITests" */;
			buildPhases = (
				DDAB9D26205984B2009367F5 /* Sources */,
				DDAB9D27205984B2009367F5 /* Frameworks */,
				DDAB9D28205984B2009367F5 /* Resources */,
			);
			buildRules = (
			);
			dependencies = (
				DDAB9D2C205984B2009367F5 /* PBXTargetDependency */,
			);
			name = SpeedometerUITests;
			productName = SpeedometerUITests;
			productReference = DDAB9D2A205984B2009367F5 /* SpeedometerUITests.xctest */;
			productType = "com.apple.product-type.bundle.ui-testing";
		};
/* End PBXNativeTarget section */

/* Begin PBXProject section */
		DDAB9D03205984B1009367F5 /* Project object */ = {
			isa = PBXProject;
			attributes = {
				LastSwiftUpdateCheck = 0920;
				LastUpgradeCheck = 0920;
				ORGANIZATIONNAME = "Thien Le quang";
				TargetAttributes = {
					DDAB9D0A205984B1009367F5 = {
						CreatedOnToolsVersion = 9.2;
						ProvisioningStyle = Automatic;
					};
					DDAB9D1E205984B1009367F5 = {
						CreatedOnToolsVersion = 9.2;
						ProvisioningStyle = Automatic;
						TestTargetID = DDAB9D0A205984B1009367F5;
					};
					DDAB9D29205984B2009367F5 = {
						CreatedOnToolsVersion = 9.2;
						ProvisioningStyle = Automatic;
						TestTargetID = DDAB9D0A205984B1009367F5;
					};
				};
			};
			buildConfigurationList = DDAB9D06205984B1009367F5 /* Build configuration list for PBXProject "Speedometer" */;
			compatibilityVersion = "Xcode 8.0";
			developmentRegion = en;
			hasScannedForEncodings = 0;
			knownRegions = (
				en,
				Base,
			);
			mainGroup = DDAB9D02205984B1009367F5;
			productRefGroup = DDAB9D0C205984B1009367F5 /* Products */;
			projectDirPath = "";
			projectReferences = (
				{
					ProductGroup = DDAB9DB82059888A009367F5 /* Products */;
					ProjectRef = DDAB9DB72059888A009367F5 /* Swinject.xcodeproj */;
				},
				{
					ProductGroup = DDAB9D9E2059883E009367F5 /* Products */;
					ProjectRef = DDAB9D9D2059883E009367F5 /* SwinjectStoryboard.xcodeproj */;
				},
			);
			projectRoot = "";
			targets = (
				DDAB9D0A205984B1009367F5 /* Speedometer */,
				DDAB9D1E205984B1009367F5 /* SpeedometerTests */,
				DDAB9D29205984B2009367F5 /* SpeedometerUITests */,
			);
		};
/* End PBXProject section */

/* Begin PBXReferenceProxy section */
		DDAB9DA72059883E009367F5 /* SwinjectStoryboard.framework */ = {
			isa = PBXReferenceProxy;
			fileType = wrapper.framework;
			path = SwinjectStoryboard.framework;
			remoteRef = DDAB9DA62059883E009367F5 /* PBXContainerItemProxy */;
			sourceTree = BUILT_PRODUCTS_DIR;
		};
		DDAB9DA92059883E009367F5 /* SwinjectStoryboardTests.xctest */ = {
			isa = PBXReferenceProxy;
			fileType = wrapper.cfbundle;
			path = SwinjectStoryboardTests.xctest;
			remoteRef = DDAB9DA82059883E009367F5 /* PBXContainerItemProxy */;
			sourceTree = BUILT_PRODUCTS_DIR;
		};
		DDAB9DAB2059883E009367F5 /* SwinjectStoryboard.framework */ = {
			isa = PBXReferenceProxy;
			fileType = wrapper.framework;
			path = SwinjectStoryboard.framework;
			remoteRef = DDAB9DAA2059883E009367F5 /* PBXContainerItemProxy */;
			sourceTree = BUILT_PRODUCTS_DIR;
		};
		DDAB9DAD2059883E009367F5 /* SwinjectStoryboardTests.xctest */ = {
			isa = PBXReferenceProxy;
			fileType = wrapper.cfbundle;
			path = SwinjectStoryboardTests.xctest;
			remoteRef = DDAB9DAC2059883E009367F5 /* PBXContainerItemProxy */;
			sourceTree = BUILT_PRODUCTS_DIR;
		};
		DDAB9DAF2059883E009367F5 /* SwinjectStoryboard.framework */ = {
			isa = PBXReferenceProxy;
			fileType = wrapper.framework;
			path = SwinjectStoryboard.framework;
			remoteRef = DDAB9DAE2059883E009367F5 /* PBXContainerItemProxy */;
			sourceTree = BUILT_PRODUCTS_DIR;
		};
		DDAB9DB12059883E009367F5 /* SwinjectStoryboardTests.xctest */ = {
			isa = PBXReferenceProxy;
			fileType = wrapper.cfbundle;
			path = SwinjectStoryboardTests.xctest;
			remoteRef = DDAB9DB02059883E009367F5 /* PBXContainerItemProxy */;
			sourceTree = BUILT_PRODUCTS_DIR;
		};
		DDAB9DC22059888A009367F5 /* Swinject.framework */ = {
			isa = PBXReferenceProxy;
			fileType = wrapper.framework;
			path = Swinject.framework;
			remoteRef = DDAB9DC12059888A009367F5 /* PBXContainerItemProxy */;
			sourceTree = BUILT_PRODUCTS_DIR;
		};
		DDAB9DC42059888A009367F5 /* SwinjectTests.xctest */ = {
			isa = PBXReferenceProxy;
			fileType = wrapper.cfbundle;
			path = SwinjectTests.xctest;
			remoteRef = DDAB9DC32059888A009367F5 /* PBXContainerItemProxy */;
			sourceTree = BUILT_PRODUCTS_DIR;
		};
		DDAB9DC62059888A009367F5 /* Swinject.framework */ = {
			isa = PBXReferenceProxy;
			fileType = wrapper.framework;
			path = Swinject.framework;
			remoteRef = DDAB9DC52059888A009367F5 /* PBXContainerItemProxy */;
			sourceTree = BUILT_PRODUCTS_DIR;
		};
		DDAB9DC82059888A009367F5 /* SwinjectTests.xctest */ = {
			isa = PBXReferenceProxy;
			fileType = wrapper.cfbundle;
			path = SwinjectTests.xctest;
			remoteRef = DDAB9DC72059888A009367F5 /* PBXContainerItemProxy */;
			sourceTree = BUILT_PRODUCTS_DIR;
		};
		DDAB9DCA2059888A009367F5 /* Swinject.framework */ = {
			isa = PBXReferenceProxy;
			fileType = wrapper.framework;
			path = Swinject.framework;
			remoteRef = DDAB9DC92059888A009367F5 /* PBXContainerItemProxy */;
			sourceTree = BUILT_PRODUCTS_DIR;
		};
		DDAB9DCC2059888A009367F5 /* Swinject.framework */ = {
			isa = PBXReferenceProxy;
			fileType = wrapper.framework;
			path = Swinject.framework;
			remoteRef = DDAB9DCB2059888A009367F5 /* PBXContainerItemProxy */;
			sourceTree = BUILT_PRODUCTS_DIR;
		};
		DDAB9DCE2059888A009367F5 /* SwinjectTests.xctest */ = {
			isa = PBXReferenceProxy;
			fileType = wrapper.cfbundle;
			path = SwinjectTests.xctest;
			remoteRef = DDAB9DCD2059888A009367F5 /* PBXContainerItemProxy */;
			sourceTree = BUILT_PRODUCTS_DIR;
		};
/* End PBXReferenceProxy section */

/* Begin PBXResourcesBuildPhase section */
		DDAB9D09205984B1009367F5 /* Resources */ = {
			isa = PBXResourcesBuildPhase;
			buildActionMask = 2147483647;
			files = (
				DDAB9D19205984B1009367F5 /* LaunchScreen.storyboard in Resources */,
				DDAB9D16205984B1009367F5 /* Assets.xcassets in Resources */,
				DDAB9D14205984B1009367F5 /* Main.storyboard in Resources */,
			);
			runOnlyForDeploymentPostprocessing = 0;
		};
		DDAB9D1D205984B1009367F5 /* Resources */ = {
			isa = PBXResourcesBuildPhase;
			buildActionMask = 2147483647;
			files = (
			);
			runOnlyForDeploymentPostprocessing = 0;
		};
		DDAB9D28205984B2009367F5 /* Resources */ = {
			isa = PBXResourcesBuildPhase;
			buildActionMask = 2147483647;
			files = (
			);
			runOnlyForDeploymentPostprocessing = 0;
		};
/* End PBXResourcesBuildPhase section */

/* Begin PBXSourcesBuildPhase section */
		DDAB9D07205984B1009367F5 /* Sources */ = {
			isa = PBXSourcesBuildPhase;
			buildActionMask = 2147483647;
			files = (
				DD318323205C268900CE4AA7 /* UIBorderedButton.swift in Sources */,
				DDDDE882205AB2C4001F6EDF /* SPDLocationManager.swift in Sources */,
				DD318315205C1E8100CE4AA7 /* MainAssembler.swift in Sources */,
				DDAB9D11205984B1009367F5 /* ViewController.swift in Sources */,
				DDDDE884205ABC66001F6EDF /* SPDLocationAuthorization.swift in Sources */,
				DDDDE88A205AC954001F6EDF /* SPDLocationSpeedChecker.swift in Sources */,
				DDAB9D0F205984B1009367F5 /* AppDelegate.swift in Sources */,
				DDDDE886205AC0FD001F6EDF /* SPDLocationProvider.swift in Sources */,
				DDDDE888205AC782001F6EDF /* SPDLocationSpeedProvider.swift in Sources */,
			);
			runOnlyForDeploymentPostprocessing = 0;
		};
		DDAB9D1B205984B1009367F5 /* Sources */ = {
			isa = PBXSourcesBuildPhase;
			buildActionMask = 2147483647;
			files = (
				DD318326205CCBE800CE4AA7 /* SPDLocationManagerMock.swift in Sources */,
				DD318328205CCD1A00CE4AA7 /* SPDLocationAuthorizationMock.swift in Sources */,
				DDAB9D24205984B1009367F5 /* SpeedometerTests.swift in Sources */,
				DD318335205CD02600CE4AA7 /* SPDLocationAuthorizationTests.swift in Sources */,
				DD318330205CCF5000CE4AA7 /* SPDLocationSpeedCheckerDelegateMock.swift in Sources */,
				DD31832A205CCD7D00CE4AA7 /* SPDLocationAuthorizationDelegateMock.swift in Sources */,
				DD31832E205CCEFE00CE4AA7 /* SPDLocationConsumerMock.swift in Sources */,
				DD318339205CFA8000CE4AA7 /* SPDLocationSpeedProviderTests.swift in Sources */,
				DD318337205CF39400CE4AA7 /* SPDLocationProviderTests.swift in Sources */,
				DD318332205CCFAD00CE4AA7 /* SPDLocationSpeedProviderDelegateMock.swift in Sources */,
				DD31832C205CCDB500CE4AA7 /* SPDLocationProviderMock.swift in Sources */,
			);
			runOnlyForDeploymentPostprocessing = 0;
		};
		DDAB9D26205984B2009367F5 /* Sources */ = {
			isa = PBXSourcesBuildPhase;
			buildActionMask = 2147483647;
			files = (
				DDAB9D2F205984B2009367F5 /* SpeedometerUITests.swift in Sources */,
			);
			runOnlyForDeploymentPostprocessing = 0;
		};
/* End PBXSourcesBuildPhase section */

/* Begin PBXTargetDependency section */
		DDAB9D21205984B1009367F5 /* PBXTargetDependency */ = {
			isa = PBXTargetDependency;
			target = DDAB9D0A205984B1009367F5 /* Speedometer */;
			targetProxy = DDAB9D20205984B1009367F5 /* PBXContainerItemProxy */;
		};
		DDAB9D2C205984B2009367F5 /* PBXTargetDependency */ = {
			isa = PBXTargetDependency;
			target = DDAB9D0A205984B1009367F5 /* Speedometer */;
			targetProxy = DDAB9D2B205984B2009367F5 /* PBXContainerItemProxy */;
		};
		DDAB9DB520598881009367F5 /* PBXTargetDependency */ = {
			isa = PBXTargetDependency;
			name = "SwinjectStoryboard-iOS";
			targetProxy = DDAB9DB420598881009367F5 /* PBXContainerItemProxy */;
		};
		DDAB9DD220598896009367F5 /* PBXTargetDependency */ = {
			isa = PBXTargetDependency;
			name = "Swinject-iOS";
			targetProxy = DDAB9DD120598896009367F5 /* PBXContainerItemProxy */;
		};
/* End PBXTargetDependency section */

/* Begin PBXVariantGroup section */
		DDAB9D12205984B1009367F5 /* Main.storyboard */ = {
			isa = PBXVariantGroup;
			children = (
				DDAB9D13205984B1009367F5 /* Base */,
			);
			name = Main.storyboard;
			sourceTree = "<group>";
		};
		DDAB9D17205984B1009367F5 /* LaunchScreen.storyboard */ = {
			isa = PBXVariantGroup;
			children = (
				DDAB9D18205984B1009367F5 /* Base */,
			);
			name = LaunchScreen.storyboard;
			sourceTree = "<group>";
		};
/* End PBXVariantGroup section */

/* Begin XCBuildConfiguration section */
		DDAB9D31205984B2009367F5 /* Debug */ = {
			isa = XCBuildConfiguration;
			buildSettings = {
				ALWAYS_SEARCH_USER_PATHS = NO;
				CLANG_ANALYZER_NONNULL = YES;
				CLANG_ANALYZER_NUMBER_OBJECT_CONVERSION = YES_AGGRESSIVE;
				CLANG_CXX_LANGUAGE_STANDARD = "gnu++14";
				CLANG_CXX_LIBRARY = "libc++";
				CLANG_ENABLE_MODULES = YES;
				CLANG_ENABLE_OBJC_ARC = YES;
				CLANG_WARN_BLOCK_CAPTURE_AUTORELEASING = YES;
				CLANG_WARN_BOOL_CONVERSION = YES;
				CLANG_WARN_COMMA = YES;
				CLANG_WARN_CONSTANT_CONVERSION = YES;
				CLANG_WARN_DIRECT_OBJC_ISA_USAGE = YES_ERROR;
				CLANG_WARN_DOCUMENTATION_COMMENTS = YES;
				CLANG_WARN_EMPTY_BODY = YES;
				CLANG_WARN_ENUM_CONVERSION = YES;
				CLANG_WARN_INFINITE_RECURSION = YES;
				CLANG_WARN_INT_CONVERSION = YES;
				CLANG_WARN_NON_LITERAL_NULL_CONVERSION = YES;
				CLANG_WARN_OBJC_LITERAL_CONVERSION = YES;
				CLANG_WARN_OBJC_ROOT_CLASS = YES_ERROR;
				CLANG_WARN_RANGE_LOOP_ANALYSIS = YES;
				CLANG_WARN_STRICT_PROTOTYPES = YES;
				CLANG_WARN_SUSPICIOUS_MOVE = YES;
				CLANG_WARN_UNGUARDED_AVAILABILITY = YES_AGGRESSIVE;
				CLANG_WARN_UNREACHABLE_CODE = YES;
				CLANG_WARN__DUPLICATE_METHOD_MATCH = YES;
				CODE_SIGN_IDENTITY = "iPhone Developer";
				COPY_PHASE_STRIP = NO;
				DEBUG_INFORMATION_FORMAT = dwarf;
				ENABLE_STRICT_OBJC_MSGSEND = YES;
				ENABLE_TESTABILITY = YES;
				GCC_C_LANGUAGE_STANDARD = gnu11;
				GCC_DYNAMIC_NO_PIC = NO;
				GCC_NO_COMMON_BLOCKS = YES;
				GCC_OPTIMIZATION_LEVEL = 0;
				GCC_PREPROCESSOR_DEFINITIONS = (
					"DEBUG=1",
					"$(inherited)",
				);
				GCC_WARN_64_TO_32_BIT_CONVERSION = YES;
				GCC_WARN_ABOUT_RETURN_TYPE = YES_ERROR;
				GCC_WARN_UNDECLARED_SELECTOR = YES;
				GCC_WARN_UNINITIALIZED_AUTOS = YES_AGGRESSIVE;
				GCC_WARN_UNUSED_FUNCTION = YES;
				GCC_WARN_UNUSED_VARIABLE = YES;
				IPHONEOS_DEPLOYMENT_TARGET = 11.2;
				MTL_ENABLE_DEBUG_INFO = YES;
				ONLY_ACTIVE_ARCH = YES;
				SDKROOT = iphoneos;
				SWIFT_ACTIVE_COMPILATION_CONDITIONS = DEBUG;
				SWIFT_OPTIMIZATION_LEVEL = "-Onone";
			};
			name = Debug;
		};
		DDAB9D32205984B2009367F5 /* Release */ = {
			isa = XCBuildConfiguration;
			buildSettings = {
				ALWAYS_SEARCH_USER_PATHS = NO;
				CLANG_ANALYZER_NONNULL = YES;
				CLANG_ANALYZER_NUMBER_OBJECT_CONVERSION = YES_AGGRESSIVE;
				CLANG_CXX_LANGUAGE_STANDARD = "gnu++14";
				CLANG_CXX_LIBRARY = "libc++";
				CLANG_ENABLE_MODULES = YES;
				CLANG_ENABLE_OBJC_ARC = YES;
				CLANG_WARN_BLOCK_CAPTURE_AUTORELEASING = YES;
				CLANG_WARN_BOOL_CONVERSION = YES;
				CLANG_WARN_COMMA = YES;
				CLANG_WARN_CONSTANT_CONVERSION = YES;
				CLANG_WARN_DIRECT_OBJC_ISA_USAGE = YES_ERROR;
				CLANG_WARN_DOCUMENTATION_COMMENTS = YES;
				CLANG_WARN_EMPTY_BODY = YES;
				CLANG_WARN_ENUM_CONVERSION = YES;
				CLANG_WARN_INFINITE_RECURSION = YES;
				CLANG_WARN_INT_CONVERSION = YES;
				CLANG_WARN_NON_LITERAL_NULL_CONVERSION = YES;
				CLANG_WARN_OBJC_LITERAL_CONVERSION = YES;
				CLANG_WARN_OBJC_ROOT_CLASS = YES_ERROR;
				CLANG_WARN_RANGE_LOOP_ANALYSIS = YES;
				CLANG_WARN_STRICT_PROTOTYPES = YES;
				CLANG_WARN_SUSPICIOUS_MOVE = YES;
				CLANG_WARN_UNGUARDED_AVAILABILITY = YES_AGGRESSIVE;
				CLANG_WARN_UNREACHABLE_CODE = YES;
				CLANG_WARN__DUPLICATE_METHOD_MATCH = YES;
				CODE_SIGN_IDENTITY = "iPhone Developer";
				COPY_PHASE_STRIP = NO;
				DEBUG_INFORMATION_FORMAT = "dwarf-with-dsym";
				ENABLE_NS_ASSERTIONS = NO;
				ENABLE_STRICT_OBJC_MSGSEND = YES;
				GCC_C_LANGUAGE_STANDARD = gnu11;
				GCC_NO_COMMON_BLOCKS = YES;
				GCC_WARN_64_TO_32_BIT_CONVERSION = YES;
				GCC_WARN_ABOUT_RETURN_TYPE = YES_ERROR;
				GCC_WARN_UNDECLARED_SELECTOR = YES;
				GCC_WARN_UNINITIALIZED_AUTOS = YES_AGGRESSIVE;
				GCC_WARN_UNUSED_FUNCTION = YES;
				GCC_WARN_UNUSED_VARIABLE = YES;
				IPHONEOS_DEPLOYMENT_TARGET = 11.2;
				MTL_ENABLE_DEBUG_INFO = NO;
				SDKROOT = iphoneos;
				SWIFT_OPTIMIZATION_LEVEL = "-Owholemodule";
				VALIDATE_PRODUCT = YES;
			};
			name = Release;
		};
		DDAB9D34205984B2009367F5 /* Debug */ = {
			isa = XCBuildConfiguration;
			buildSettings = {
				ALWAYS_EMBED_SWIFT_STANDARD_LIBRARIES = YES;
				ASSETCATALOG_COMPILER_APPICON_NAME = AppIcon;
				CODE_SIGN_STYLE = Automatic;
				INFOPLIST_FILE = Speedometer/Info.plist;
				LD_RUNPATH_SEARCH_PATHS = "$(inherited) @executable_path/Frameworks";
				PRODUCT_BUNDLE_IDENTIFIER = com.com.Speedometer;
				PRODUCT_NAME = "$(TARGET_NAME)";
				SWIFT_VERSION = 4.0;
				TARGETED_DEVICE_FAMILY = "1,2";
			};
			name = Debug;
		};
		DDAB9D35205984B2009367F5 /* Release */ = {
			isa = XCBuildConfiguration;
			buildSettings = {
				ALWAYS_EMBED_SWIFT_STANDARD_LIBRARIES = YES;
				ASSETCATALOG_COMPILER_APPICON_NAME = AppIcon;
				CODE_SIGN_STYLE = Automatic;
				INFOPLIST_FILE = Speedometer/Info.plist;
				LD_RUNPATH_SEARCH_PATHS = "$(inherited) @executable_path/Frameworks";
				PRODUCT_BUNDLE_IDENTIFIER = com.com.Speedometer;
				PRODUCT_NAME = "$(TARGET_NAME)";
				SWIFT_VERSION = 4.0;
				TARGETED_DEVICE_FAMILY = "1,2";
			};
			name = Release;
		};
		DDAB9D37205984B2009367F5 /* Debug */ = {
			isa = XCBuildConfiguration;
			buildSettings = {
				ALWAYS_EMBED_SWIFT_STANDARD_LIBRARIES = YES;
				BUNDLE_LOADER = "$(TEST_HOST)";
				CODE_SIGN_STYLE = Automatic;
				INFOPLIST_FILE = SpeedometerTests/Info.plist;
				LD_RUNPATH_SEARCH_PATHS = "$(inherited) @executable_path/Frameworks @loader_path/Frameworks";
				PRODUCT_BUNDLE_IDENTIFIER = com.com.SpeedometerTests;
				PRODUCT_NAME = "$(TARGET_NAME)";
				SWIFT_VERSION = 4.0;
				TARGETED_DEVICE_FAMILY = "1,2";
				TEST_HOST = "$(BUILT_PRODUCTS_DIR)/Speedometer.app/Speedometer";
			};
			name = Debug;
		};
		DDAB9D38205984B2009367F5 /* Release */ = {
			isa = XCBuildConfiguration;
			buildSettings = {
				ALWAYS_EMBED_SWIFT_STANDARD_LIBRARIES = YES;
				BUNDLE_LOADER = "$(TEST_HOST)";
				CODE_SIGN_STYLE = Automatic;
				INFOPLIST_FILE = SpeedometerTests/Info.plist;
				LD_RUNPATH_SEARCH_PATHS = "$(inherited) @executable_path/Frameworks @loader_path/Frameworks";
				PRODUCT_BUNDLE_IDENTIFIER = com.com.SpeedometerTests;
				PRODUCT_NAME = "$(TARGET_NAME)";
				SWIFT_VERSION = 4.0;
				TARGETED_DEVICE_FAMILY = "1,2";
				TEST_HOST = "$(BUILT_PRODUCTS_DIR)/Speedometer.app/Speedometer";
			};
			name = Release;
		};
		DDAB9D3A205984B2009367F5 /* Debug */ = {
			isa = XCBuildConfiguration;
			buildSettings = {
				ALWAYS_EMBED_SWIFT_STANDARD_LIBRARIES = YES;
				CODE_SIGN_STYLE = Automatic;
				INFOPLIST_FILE = SpeedometerUITests/Info.plist;
				LD_RUNPATH_SEARCH_PATHS = "$(inherited) @executable_path/Frameworks @loader_path/Frameworks";
				PRODUCT_BUNDLE_IDENTIFIER = com.com.SpeedometerUITests;
				PRODUCT_NAME = "$(TARGET_NAME)";
				SWIFT_VERSION = 4.0;
				TARGETED_DEVICE_FAMILY = "1,2";
				TEST_TARGET_NAME = Speedometer;
			};
			name = Debug;
		};
		DDAB9D3B205984B2009367F5 /* Release */ = {
			isa = XCBuildConfiguration;
			buildSettings = {
				ALWAYS_EMBED_SWIFT_STANDARD_LIBRARIES = YES;
				CODE_SIGN_STYLE = Automatic;
				INFOPLIST_FILE = SpeedometerUITests/Info.plist;
				LD_RUNPATH_SEARCH_PATHS = "$(inherited) @executable_path/Frameworks @loader_path/Frameworks";
				PRODUCT_BUNDLE_IDENTIFIER = com.com.SpeedometerUITests;
				PRODUCT_NAME = "$(TARGET_NAME)";
				SWIFT_VERSION = 4.0;
				TARGETED_DEVICE_FAMILY = "1,2";
				TEST_TARGET_NAME = Speedometer;
			};
			name = Release;
		};
/* End XCBuildConfiguration section */

/* Begin XCConfigurationList section */
		DDAB9D06205984B1009367F5 /* Build configuration list for PBXProject "Speedometer" */ = {
			isa = XCConfigurationList;
			buildConfigurations = (
				DDAB9D31205984B2009367F5 /* Debug */,
				DDAB9D32205984B2009367F5 /* Release */,
			);
			defaultConfigurationIsVisible = 0;
			defaultConfigurationName = Release;
		};
		DDAB9D33205984B2009367F5 /* Build configuration list for PBXNativeTarget "Speedometer" */ = {
			isa = XCConfigurationList;
			buildConfigurations = (
				DDAB9D34205984B2009367F5 /* Debug */,
				DDAB9D35205984B2009367F5 /* Release */,
			);
			defaultConfigurationIsVisible = 0;
			defaultConfigurationName = Release;
		};
		DDAB9D36205984B2009367F5 /* Build configuration list for PBXNativeTarget "SpeedometerTests" */ = {
			isa = XCConfigurationList;
			buildConfigurations = (
				DDAB9D37205984B2009367F5 /* Debug */,
				DDAB9D38205984B2009367F5 /* Release */,
			);
			defaultConfigurationIsVisible = 0;
			defaultConfigurationName = Release;
		};
		DDAB9D39205984B2009367F5 /* Build configuration list for PBXNativeTarget "SpeedometerUITests" */ = {
			isa = XCConfigurationList;
			buildConfigurations = (
				DDAB9D3A205984B2009367F5 /* Debug */,
				DDAB9D3B205984B2009367F5 /* Release */,
			);
			defaultConfigurationIsVisible = 0;
			defaultConfigurationName = Release;
		};
/* End XCConfigurationList section */
	};
	rootObject = DDAB9D03205984B1009367F5 /* Project object */;
}
